
Microsoft Visual Studio Solution File, Format Version 12.00
# Visual Studio Version 16
VisualStudioVersion = 16.0.31424.327
MinimumVisualStudioVersion = 10.0.40219.1
Project("{9A19103F-16F7-4668-BE54-9A1E7A4F7556}") = "AcademyCSharpLesson03.08.2021", "AcademyCSharpLesson03.08.2021\AcademyCSharpLesson03.08.2021.csproj", "{9E81602D-DF79-4615-BCB7-D467AE1BDE65}"
EndProject
Project("{9A19103F-16F7-4668-BE54-9A1E7A4F7556}") = "AcademyCSharpLessons05.08.2021", "AcademyCSharpLessons05.08.2021\AcademyCSharpLessons05.08.2021.csproj", "{8E20F6F0-629B-4762-A1C7-9275476C6617}"
EndProject
Project("{9A19103F-16F7-4668-BE54-9A1E7A4F7556}") = "AcademyCSharpLesson10.08.2021", "AcademyCSharpLesson10.08.2021\AcademyCSharpLesson10.08.2021.csproj", "{FEC4A585-52E4-4900-B26D-7749D18EE8EE}"
EndProject
Project("{9A19103F-16F7-4668-BE54-9A1E7A4F7556}") = "AcademyCSharpLesson12.08.2021", "AcademyCSharpLesson12.08.2021\AcademyCSharpLesson12.08.2021.csproj", "{922C6C4A-B9B0-47D0-9E89-2F6372E24013}"
EndProject
Project("{9A19103F-16F7-4668-BE54-9A1E7A4F7556}") = "AcademyCSharpLesson14.08.2021", "AcademyCSharpLesson14.08.2021\AcademyCSharpLesson14.08.2021.csproj", "{F079B9CB-68E6-4271-A384-C805533CCE5A}"
EndProject
Project("{9A19103F-16F7-4668-BE54-9A1E7A4F7556}") = "AcademyCSharpLesson17.08.2021", "AcademyCSharpLesson17.08.2021\AcademyCSharpLesson17.08.2021.csproj", "{8968AF9F-3624-4CE0-80FB-F68BD7669B38}"
EndProject
Project("{9A19103F-16F7-4668-BE54-9A1E7A4F7556}") = "AcademyCSharpLesson19.08.2021(1 problem with Rectangle)", "AcademyCSharpLesson19.08.2021(1 problem with Rectangle)\AcademyCSharpLesson19.08.2021(1 problem with Rectangle).csproj", "{71CD3715-377E-4CAF-8723-5D21647B9A25}"
EndProject
Project("{9A19103F-16F7-4668-BE54-9A1E7A4F7556}") = "AcademyCSharpLesson19.08.2021(2 problem with Book)", "AcademyCSharpLesson19.08.2021(2 problem with Book)\AcademyCSharpLesson19.08.2021(2 problem with Book).csproj", "{A5234E36-D727-448A-96A0-F449069EBD6E}"
EndProject
Project("{9A19103F-16F7-4668-BE54-9A1E7A4F7556}") = "AcademyCSharpLesson21.08.2021", "AcademyCSharpLesson21.08.2021\AcademyCSharpLesson21.08.2021.csproj", "{9DBDAB26-6B67-48D7-A4ED-9E8BF7422833}"
EndProject
Project("{9A19103F-16F7-4668-BE54-9A1E7A4F7556}") = "AcademyCSharpLesson24.08.2021", "AcademyCSharpLesson24.08.2021\AcademyCSharpLesson24.08.2021.csproj", "{5C70B32E-DB35-4303-9271-C5A6F97942B7}"
EndProject
Project("{9A19103F-16F7-4668-BE54-9A1E7A4F7556}") = "AcademyCSharpLesson26.08.2021", "AcademyCSharpLesson26.08.2021\AcademyCSharpLesson26.08.2021.csproj", "{32EAF1A2-AF6A-438D-B28C-02D780217FC7}"
EndProject
Project("{9A19103F-16F7-4668-BE54-9A1E7A4F7556}") = "AcademyCSharpLesson28.08.2021", "AcademyCSharpLesson28.08.2021\AcademyCSharpLesson28.08.2021.csproj", "{613F36BA-6052-45EF-8DF8-8E5414E52622}"
EndProject
Project("{9A19103F-16F7-4668-BE54-9A1E7A4F7556}") = "AcademyCSharpLesson31.08.2021", "AcademyCSharpLesson31.08.2021\AcademyCSharpLesson31.08.2021.csproj", "{7E568FB6-4EA1-49F2-A611-A1333B363497}"
EndProject
Project("{9A19103F-16F7-4668-BE54-9A1E7A4F7556}") = "AcademyCSharpLesson02.09.2021", "AcademyCSharpLesson02.09.2021\AcademyCSharpLesson02.09.2021.csproj", "{E7E17395-0FB2-4B21-95BB-EAEF1B6B5F28}"
EndProject
Project("{9A19103F-16F7-4668-BE54-9A1E7A4F7556}") = "AcademyCSharpLesson11.09.2021", "AcademyCSharpLesson11.09.2021\AcademyCSharpLesson11.09.2021.csproj", "{6B3A12B0-36EC-4F97-9CD5-A56C99591A6C}"
EndProject
Project("{9A19103F-16F7-4668-BE54-9A1E7A4F7556}") = "AcademyCSharpLesson16.09.2021", "AcademyCSharpLesson16.09.2021\AcademyCSharpLesson16.09.2021.csproj", "{95F3B5B2-8494-469E-B633-AF85C623B4E4}"
EndProject
Project("{9A19103F-16F7-4668-BE54-9A1E7A4F7556}") = "AcademyCSharpLesson18.09.2021", "AcademyCSharpLesson18.09.2021\AcademyCSharpLesson18.09.2021.csproj", "{C24BAB3A-118F-40C7-B12E-7923B8414FF7}"
EndProject
Project("{9A19103F-16F7-4668-BE54-9A1E7A4F7556}") = "AcademyCSharpLesson21.09.2021", "AcademyCSharpLesson21.09.2021\AcademyCSharpLesson21.09.2021.csproj", "{D74C2E9B-72B4-4933-A525-432086EC25E9}"
EndProject
Project("{9A19103F-16F7-4668-BE54-9A1E7A4F7556}") = "AcademyCSharpLesson05.10.2021", "AcademyCSharpLesson05.10.2021\AcademyCSharpLesson05.10.2021.csproj", "{14CE4714-6A09-44B2-90B7-983EDF65B4C1}"
EndProject
Project("{9A19103F-16F7-4668-BE54-9A1E7A4F7556}") = "AcademyCSharpLesson07.10.2021", "AcademyCSharpLesson07.10.2021\AcademyCSharpLesson07.10.2021.csproj", "{31B6A52D-7E95-4CB7-8874-1AE29CCB9C28}"
EndProject
Project("{9A19103F-16F7-4668-BE54-9A1E7A4F7556}") = "AcademyCSharpLesson09.10.2021", "AcademyCSharpLesson09.10.2021\AcademyCSharpLesson09.10.2021.csproj", "{713B3B28-63F6-46B3-BB00-C479EF2C38D3}"
EndProject
Project("{9A19103F-16F7-4668-BE54-9A1E7A4F7556}") = "AcademyCSharpLesson12.10.2021", "AcademyCSharpLesson12.10.2021\AcademyCSharpLesson12.10.2021.csproj", "{214F9678-FB29-454F-9EE3-3DC0DF9BC03C}"
EndProject
Project("{9A19103F-16F7-4668-BE54-9A1E7A4F7556}") = "AcademyCSharpLesson16.10.2021", "AcademyCSharpLesson16.10.2021\AcademyCSharpLesson16.10.2021.csproj", "{A6C595A7-5067-46C6-8757-969B451367A1}"
EndProject
Project("{9A19103F-16F7-4668-BE54-9A1E7A4F7556}") = "AcademyCSharpLesson19.10.2021", "AcademyCSharpLesson19.10.2021\AcademyCSharpLesson19.10.2021.csproj", "{B9DB63E5-F068-4D38-A960-755723A1C3B5}"
EndProject
Project("{FAE04EC0-301F-11D3-BF4B-00C04F79EFBC}") = "AcademyCSharpLesson21.10.2021", "AcademyCSharpLesson21.10.2021\AcademyCSharpLesson21.10.2021.csproj", "{C85EC9A5-70D1-409B-B2C5-9D9770BD5435}"
EndProject
Global
	GlobalSection(SolutionConfigurationPlatforms) = preSolution
		Debug|Any CPU = Debug|Any CPU
		Release|Any CPU = Release|Any CPU
	EndGlobalSection
	GlobalSection(ProjectConfigurationPlatforms) = postSolution
		{9E81602D-DF79-4615-BCB7-D467AE1BDE65}.Debug|Any CPU.ActiveCfg = Debug|Any CPU
		{9E81602D-DF79-4615-BCB7-D467AE1BDE65}.Debug|Any CPU.Build.0 = Debug|Any CPU
		{9E81602D-DF79-4615-BCB7-D467AE1BDE65}.Release|Any CPU.ActiveCfg = Release|Any CPU
		{9E81602D-DF79-4615-BCB7-D467AE1BDE65}.Release|Any CPU.Build.0 = Release|Any CPU
		{8E20F6F0-629B-4762-A1C7-9275476C6617}.Debug|Any CPU.ActiveCfg = Debug|Any CPU
		{8E20F6F0-629B-4762-A1C7-9275476C6617}.Debug|Any CPU.Build.0 = Debug|Any CPU
		{8E20F6F0-629B-4762-A1C7-9275476C6617}.Release|Any CPU.ActiveCfg = Release|Any CPU
		{8E20F6F0-629B-4762-A1C7-9275476C6617}.Release|Any CPU.Build.0 = Release|Any CPU
		{FEC4A585-52E4-4900-B26D-7749D18EE8EE}.Debug|Any CPU.ActiveCfg = Debug|Any CPU
		{FEC4A585-52E4-4900-B26D-7749D18EE8EE}.Debug|Any CPU.Build.0 = Debug|Any CPU
		{FEC4A585-52E4-4900-B26D-7749D18EE8EE}.Release|Any CPU.ActiveCfg = Release|Any CPU
		{FEC4A585-52E4-4900-B26D-7749D18EE8EE}.Release|Any CPU.Build.0 = Release|Any CPU
		{922C6C4A-B9B0-47D0-9E89-2F6372E24013}.Debug|Any CPU.ActiveCfg = Debug|Any CPU
		{922C6C4A-B9B0-47D0-9E89-2F6372E24013}.Debug|Any CPU.Build.0 = Debug|Any CPU
		{922C6C4A-B9B0-47D0-9E89-2F6372E24013}.Release|Any CPU.ActiveCfg = Release|Any CPU
		{922C6C4A-B9B0-47D0-9E89-2F6372E24013}.Release|Any CPU.Build.0 = Release|Any CPU
		{F079B9CB-68E6-4271-A384-C805533CCE5A}.Debug|Any CPU.ActiveCfg = Debug|Any CPU
		{F079B9CB-68E6-4271-A384-C805533CCE5A}.Debug|Any CPU.Build.0 = Debug|Any CPU
		{F079B9CB-68E6-4271-A384-C805533CCE5A}.Release|Any CPU.ActiveCfg = Release|Any CPU
		{F079B9CB-68E6-4271-A384-C805533CCE5A}.Release|Any CPU.Build.0 = Release|Any CPU
		{8968AF9F-3624-4CE0-80FB-F68BD7669B38}.Debug|Any CPU.ActiveCfg = Debug|Any CPU
		{8968AF9F-3624-4CE0-80FB-F68BD7669B38}.Debug|Any CPU.Build.0 = Debug|Any CPU
		{8968AF9F-3624-4CE0-80FB-F68BD7669B38}.Release|Any CPU.ActiveCfg = Release|Any CPU
		{8968AF9F-3624-4CE0-80FB-F68BD7669B38}.Release|Any CPU.Build.0 = Release|Any CPU
		{71CD3715-377E-4CAF-8723-5D21647B9A25}.Debug|Any CPU.ActiveCfg = Debug|Any CPU
		{71CD3715-377E-4CAF-8723-5D21647B9A25}.Debug|Any CPU.Build.0 = Debug|Any CPU
		{71CD3715-377E-4CAF-8723-5D21647B9A25}.Release|Any CPU.ActiveCfg = Release|Any CPU
		{71CD3715-377E-4CAF-8723-5D21647B9A25}.Release|Any CPU.Build.0 = Release|Any CPU
		{A5234E36-D727-448A-96A0-F449069EBD6E}.Debug|Any CPU.ActiveCfg = Debug|Any CPU
		{A5234E36-D727-448A-96A0-F449069EBD6E}.Debug|Any CPU.Build.0 = Debug|Any CPU
		{A5234E36-D727-448A-96A0-F449069EBD6E}.Release|Any CPU.ActiveCfg = Release|Any CPU
		{A5234E36-D727-448A-96A0-F449069EBD6E}.Release|Any CPU.Build.0 = Release|Any CPU
		{9DBDAB26-6B67-48D7-A4ED-9E8BF7422833}.Debug|Any CPU.ActiveCfg = Debug|Any CPU
		{9DBDAB26-6B67-48D7-A4ED-9E8BF7422833}.Debug|Any CPU.Build.0 = Debug|Any CPU
		{9DBDAB26-6B67-48D7-A4ED-9E8BF7422833}.Release|Any CPU.ActiveCfg = Release|Any CPU
		{9DBDAB26-6B67-48D7-A4ED-9E8BF7422833}.Release|Any CPU.Build.0 = Release|Any CPU
		{5C70B32E-DB35-4303-9271-C5A6F97942B7}.Debug|Any CPU.ActiveCfg = Debug|Any CPU
		{5C70B32E-DB35-4303-9271-C5A6F97942B7}.Debug|Any CPU.Build.0 = Debug|Any CPU
		{5C70B32E-DB35-4303-9271-C5A6F97942B7}.Release|Any CPU.ActiveCfg = Release|Any CPU
		{5C70B32E-DB35-4303-9271-C5A6F97942B7}.Release|Any CPU.Build.0 = Release|Any CPU
		{32EAF1A2-AF6A-438D-B28C-02D780217FC7}.Debug|Any CPU.ActiveCfg = Debug|Any CPU
		{32EAF1A2-AF6A-438D-B28C-02D780217FC7}.Debug|Any CPU.Build.0 = Debug|Any CPU
		{32EAF1A2-AF6A-438D-B28C-02D780217FC7}.Release|Any CPU.ActiveCfg = Release|Any CPU
		{32EAF1A2-AF6A-438D-B28C-02D780217FC7}.Release|Any CPU.Build.0 = Release|Any CPU
		{613F36BA-6052-45EF-8DF8-8E5414E52622}.Debug|Any CPU.ActiveCfg = Debug|Any CPU
		{613F36BA-6052-45EF-8DF8-8E5414E52622}.Debug|Any CPU.Build.0 = Debug|Any CPU
		{613F36BA-6052-45EF-8DF8-8E5414E52622}.Release|Any CPU.ActiveCfg = Release|Any CPU
		{613F36BA-6052-45EF-8DF8-8E5414E52622}.Release|Any CPU.Build.0 = Release|Any CPU
		{7E568FB6-4EA1-49F2-A611-A1333B363497}.Debug|Any CPU.ActiveCfg = Debug|Any CPU
		{7E568FB6-4EA1-49F2-A611-A1333B363497}.Debug|Any CPU.Build.0 = Debug|Any CPU
		{7E568FB6-4EA1-49F2-A611-A1333B363497}.Release|Any CPU.ActiveCfg = Release|Any CPU
		{7E568FB6-4EA1-49F2-A611-A1333B363497}.Release|Any CPU.Build.0 = Release|Any CPU
		{E7E17395-0FB2-4B21-95BB-EAEF1B6B5F28}.Debug|Any CPU.ActiveCfg = Debug|Any CPU
		{E7E17395-0FB2-4B21-95BB-EAEF1B6B5F28}.Debug|Any CPU.Build.0 = Debug|Any CPU
		{E7E17395-0FB2-4B21-95BB-EAEF1B6B5F28}.Release|Any CPU.ActiveCfg = Release|Any CPU
		{E7E17395-0FB2-4B21-95BB-EAEF1B6B5F28}.Release|Any CPU.Build.0 = Release|Any CPU
		{6B3A12B0-36EC-4F97-9CD5-A56C99591A6C}.Debug|Any CPU.ActiveCfg = Debug|Any CPU
		{6B3A12B0-36EC-4F97-9CD5-A56C99591A6C}.Debug|Any CPU.Build.0 = Debug|Any CPU
		{6B3A12B0-36EC-4F97-9CD5-A56C99591A6C}.Release|Any CPU.ActiveCfg = Release|Any CPU
		{6B3A12B0-36EC-4F97-9CD5-A56C99591A6C}.Release|Any CPU.Build.0 = Release|Any CPU
		{95F3B5B2-8494-469E-B633-AF85C623B4E4}.Debug|Any CPU.ActiveCfg = Debug|Any CPU
		{95F3B5B2-8494-469E-B633-AF85C623B4E4}.Debug|Any CPU.Build.0 = Debug|Any CPU
		{95F3B5B2-8494-469E-B633-AF85C623B4E4}.Release|Any CPU.ActiveCfg = Release|Any CPU
		{95F3B5B2-8494-469E-B633-AF85C623B4E4}.Release|Any CPU.Build.0 = Release|Any CPU
		{C24BAB3A-118F-40C7-B12E-7923B8414FF7}.Debug|Any CPU.ActiveCfg = Debug|Any CPU
		{C24BAB3A-118F-40C7-B12E-7923B8414FF7}.Debug|Any CPU.Build.0 = Debug|Any CPU
		{C24BAB3A-118F-40C7-B12E-7923B8414FF7}.Release|Any CPU.ActiveCfg = Release|Any CPU
		{C24BAB3A-118F-40C7-B12E-7923B8414FF7}.Release|Any CPU.Build.0 = Release|Any CPU
		{D74C2E9B-72B4-4933-A525-432086EC25E9}.Debug|Any CPU.ActiveCfg = Debug|Any CPU
		{D74C2E9B-72B4-4933-A525-432086EC25E9}.Debug|Any CPU.Build.0 = Debug|Any CPU
		{D74C2E9B-72B4-4933-A525-432086EC25E9}.Release|Any CPU.ActiveCfg = Release|Any CPU
		{D74C2E9B-72B4-4933-A525-432086EC25E9}.Release|Any CPU.Build.0 = Release|Any CPU
		{14CE4714-6A09-44B2-90B7-983EDF65B4C1}.Debug|Any CPU.ActiveCfg = Debug|Any CPU
		{14CE4714-6A09-44B2-90B7-983EDF65B4C1}.Debug|Any CPU.Build.0 = Debug|Any CPU
		{14CE4714-6A09-44B2-90B7-983EDF65B4C1}.Release|Any CPU.ActiveCfg = Release|Any CPU
		{14CE4714-6A09-44B2-90B7-983EDF65B4C1}.Release|Any CPU.Build.0 = Release|Any CPU
		{31B6A52D-7E95-4CB7-8874-1AE29CCB9C28}.Debug|Any CPU.ActiveCfg = Debug|Any CPU
		{31B6A52D-7E95-4CB7-8874-1AE29CCB9C28}.Debug|Any CPU.Build.0 = Debug|Any CPU
		{31B6A52D-7E95-4CB7-8874-1AE29CCB9C28}.Release|Any CPU.ActiveCfg = Release|Any CPU
		{31B6A52D-7E95-4CB7-8874-1AE29CCB9C28}.Release|Any CPU.Build.0 = Release|Any CPU
		{713B3B28-63F6-46B3-BB00-C479EF2C38D3}.Debug|Any CPU.ActiveCfg = Debug|Any CPU
		{713B3B28-63F6-46B3-BB00-C479EF2C38D3}.Debug|Any CPU.Build.0 = Debug|Any CPU
		{713B3B28-63F6-46B3-BB00-C479EF2C38D3}.Release|Any CPU.ActiveCfg = Release|Any CPU
		{713B3B28-63F6-46B3-BB00-C479EF2C38D3}.Release|Any CPU.Build.0 = Release|Any CPU
		{214F9678-FB29-454F-9EE3-3DC0DF9BC03C}.Debug|Any CPU.ActiveCfg = Debug|Any CPU
		{214F9678-FB29-454F-9EE3-3DC0DF9BC03C}.Debug|Any CPU.Build.0 = Debug|Any CPU
		{214F9678-FB29-454F-9EE3-3DC0DF9BC03C}.Release|Any CPU.ActiveCfg = Release|Any CPU
		{214F9678-FB29-454F-9EE3-3DC0DF9BC03C}.Release|Any CPU.Build.0 = Release|Any CPU
		{A6C595A7-5067-46C6-8757-969B451367A1}.Debug|Any CPU.ActiveCfg = Debug|Any CPU
		{A6C595A7-5067-46C6-8757-969B451367A1}.Debug|Any CPU.Build.0 = Debug|Any CPU
		{A6C595A7-5067-46C6-8757-969B451367A1}.Release|Any CPU.ActiveCfg = Release|Any CPU
		{A6C595A7-5067-46C6-8757-969B451367A1}.Release|Any CPU.Build.0 = Release|Any CPU
		{B9DB63E5-F068-4D38-A960-755723A1C3B5}.Debug|Any CPU.ActiveCfg = Debug|Any CPU
		{B9DB63E5-F068-4D38-A960-755723A1C3B5}.Debug|Any CPU.Build.0 = Debug|Any CPU
		{B9DB63E5-F068-4D38-A960-755723A1C3B5}.Release|Any CPU.ActiveCfg = Release|Any CPU
		{B9DB63E5-F068-4D38-A960-755723A1C3B5}.Release|Any CPU.Build.0 = Release|Any CPU
		{C85EC9A5-70D1-409B-B2C5-9D9770BD5435}.Debug|Any CPU.ActiveCfg = Debug|Any CPU
		{C85EC9A5-70D1-409B-B2C5-9D9770BD5435}.Debug|Any CPU.Build.0 = Debug|Any CPU
		{C85EC9A5-70D1-409B-B2C5-9D9770BD5435}.Release|Any CPU.ActiveCfg = Release|Any CPU
		{C85EC9A5-70D1-409B-B2C5-9D9770BD5435}.Release|Any CPU.Build.0 = Release|Any CPU
	EndGlobalSection
	GlobalSection(SolutionProperties) = preSolution
		HideSolutionNode = FALSE
	EndGlobalSection
	GlobalSection(ExtensibilityGlobals) = postSolution
		SolutionGuid = {8B3F5723-2B29-4596-BF87-64EB776255BE}
	EndGlobalSection
EndGlobal
