
Microsoft Visual Studio Solution File, Format Version 12.00
# Visual Studio Version 16
VisualStudioVersion = 16.0.31424.327
MinimumVisualStudioVersion = 10.0.40219.1
Project("{9A19103F-16F7-4668-BE54-9A1E7A4F7556}") = "AcademyCSharpLesson03.08.2021", "AcademyCSharpLesson03.08.2021\AcademyCSharpLesson03.08.2021.csproj", "{9E81602D-DF79-4615-BCB7-D467AE1BDE65}"
EndProject
Project("{9A19103F-16F7-4668-BE54-9A1E7A4F7556}") = "AcademyCSharpLessons05.08.2021", "AcademyCSharpLessons05.08.2021\AcademyCSharpLessons05.08.2021.csproj", "{8E20F6F0-629B-4762-A1C7-9275476C6617}"
EndProject
Project("{9A19103F-16F7-4668-BE54-9A1E7A4F7556}") = "AcademyCSharpLesson10.08.2021", "AcademyCSharpLesson10.08.2021\AcademyCSharpLesson10.08.2021.csproj", "{FEC4A585-52E4-4900-B26D-7749D18EE8EE}"
EndProject
Project("{9A19103F-16F7-4668-BE54-9A1E7A4F7556}") = "AcademyCSharpLesson12.08.2021", "AcademyCSharpLesson12.08.2021\AcademyCSharpLesson12.08.2021.csproj", "{922C6C4A-B9B0-47D0-9E89-2F6372E24013}"
EndProject
Project("{9A19103F-16F7-4668-BE54-9A1E7A4F7556}") = "AcademyCSharpLesson14.08.2021", "AcademyCSharpLesson14.08.2021\AcademyCSharpLesson14.08.2021.csproj", "{F079B9CB-68E6-4271-A384-C805533CCE5A}"
EndProject
Project("{FAE04EC0-301F-11D3-BF4B-00C04F79EFBC}") = "AcademyCSharpLesson17.08.2021", "AcademyCSharpLesson17.08.2021\AcademyCSharpLesson17.08.2021.csproj", "{8968AF9F-3624-4CE0-80FB-F68BD7669B38}"
EndProject
Global
	GlobalSection(SolutionConfigurationPlatforms) = preSolution
		Debug|Any CPU = Debug|Any CPU
		Release|Any CPU = Release|Any CPU
	EndGlobalSection
	GlobalSection(ProjectConfigurationPlatforms) = postSolution
		{9E81602D-DF79-4615-BCB7-D467AE1BDE65}.Debug|Any CPU.ActiveCfg = Debug|Any CPU
		{9E81602D-DF79-4615-BCB7-D467AE1BDE65}.Debug|Any CPU.Build.0 = Debug|Any CPU
		{9E81602D-DF79-4615-BCB7-D467AE1BDE65}.Release|Any CPU.ActiveCfg = Release|Any CPU
		{9E81602D-DF79-4615-BCB7-D467AE1BDE65}.Release|Any CPU.Build.0 = Release|Any CPU
		{8E20F6F0-629B-4762-A1C7-9275476C6617}.Debug|Any CPU.ActiveCfg = Debug|Any CPU
		{8E20F6F0-629B-4762-A1C7-9275476C6617}.Debug|Any CPU.Build.0 = Debug|Any CPU
		{8E20F6F0-629B-4762-A1C7-9275476C6617}.Release|Any CPU.ActiveCfg = Release|Any CPU
		{8E20F6F0-629B-4762-A1C7-9275476C6617}.Release|Any CPU.Build.0 = Release|Any CPU
		{FEC4A585-52E4-4900-B26D-7749D18EE8EE}.Debug|Any CPU.ActiveCfg = Debug|Any CPU
		{FEC4A585-52E4-4900-B26D-7749D18EE8EE}.Debug|Any CPU.Build.0 = Debug|Any CPU
		{FEC4A585-52E4-4900-B26D-7749D18EE8EE}.Release|Any CPU.ActiveCfg = Release|Any CPU
		{FEC4A585-52E4-4900-B26D-7749D18EE8EE}.Release|Any CPU.Build.0 = Release|Any CPU
		{922C6C4A-B9B0-47D0-9E89-2F6372E24013}.Debug|Any CPU.ActiveCfg = Debug|Any CPU
		{922C6C4A-B9B0-47D0-9E89-2F6372E24013}.Debug|Any CPU.Build.0 = Debug|Any CPU
		{922C6C4A-B9B0-47D0-9E89-2F6372E24013}.Release|Any CPU.ActiveCfg = Release|Any CPU
		{922C6C4A-B9B0-47D0-9E89-2F6372E24013}.Release|Any CPU.Build.0 = Release|Any CPU
		{F079B9CB-68E6-4271-A384-C805533CCE5A}.Debug|Any CPU.ActiveCfg = Debug|Any CPU
		{F079B9CB-68E6-4271-A384-C805533CCE5A}.Debug|Any CPU.Build.0 = Debug|Any CPU
		{F079B9CB-68E6-4271-A384-C805533CCE5A}.Release|Any CPU.ActiveCfg = Release|Any CPU
		{F079B9CB-68E6-4271-A384-C805533CCE5A}.Release|Any CPU.Build.0 = Release|Any CPU
		{8968AF9F-3624-4CE0-80FB-F68BD7669B38}.Debug|Any CPU.ActiveCfg = Debug|Any CPU
		{8968AF9F-3624-4CE0-80FB-F68BD7669B38}.Debug|Any CPU.Build.0 = Debug|Any CPU
		{8968AF9F-3624-4CE0-80FB-F68BD7669B38}.Release|Any CPU.ActiveCfg = Release|Any CPU
		{8968AF9F-3624-4CE0-80FB-F68BD7669B38}.Release|Any CPU.Build.0 = Release|Any CPU
	EndGlobalSection
	GlobalSection(SolutionProperties) = preSolution
		HideSolutionNode = FALSE
	EndGlobalSection
	GlobalSection(ExtensibilityGlobals) = postSolution
		SolutionGuid = {8B3F5723-2B29-4596-BF87-64EB776255BE}
	EndGlobalSection
EndGlobal
